
Microsoft Visual Studio Solution File, Format Version 12.00
# Visual Studio Version 16
VisualStudioVersion = 16.0.30320.27
MinimumVisualStudioVersion = 10.0.40219.1
Project("{FAE04EC0-301F-11D3-BF4B-00C04F79EFBC}") = "Project5", "Project5\Project5.csproj", "{FDAEFE68-1476-4F8E-B8F6-735DBDD978B3}"
EndProject
Project("{FAE04EC0-301F-11D3-BF4B-00C04F79EFBC}") = "Project5.Services", "Project5.Services\Project5.Services.csproj", "{88269451-83DB-4690-B3DB-16DD2AA1CAB7}"
EndProject
Project("{FAE04EC0-301F-11D3-BF4B-00C04F79EFBC}") = "Project5.Models", "Project5.Models\Project5.Models.csproj", "{D1B392C9-4213-4642-BC18-5196D207E854}"
EndProject
Global
	GlobalSection(SolutionConfigurationPlatforms) = preSolution
		Debug|Any CPU = Debug|Any CPU
		Release|Any CPU = Release|Any CPU
	EndGlobalSection
	GlobalSection(ProjectConfigurationPlatforms) = postSolution
		{FDAEFE68-1476-4F8E-B8F6-735DBDD978B3}.Debug|Any CPU.ActiveCfg = Debug|Any CPU
		{FDAEFE68-1476-4F8E-B8F6-735DBDD978B3}.Debug|Any CPU.Build.0 = Debug|Any CPU
		{FDAEFE68-1476-4F8E-B8F6-735DBDD978B3}.Release|Any CPU.ActiveCfg = Release|Any CPU
		{FDAEFE68-1476-4F8E-B8F6-735DBDD978B3}.Release|Any CPU.Build.0 = Release|Any CPU
		{88269451-83DB-4690-B3DB-16DD2AA1CAB7}.Debug|Any CPU.ActiveCfg = Debug|Any CPU
		{88269451-83DB-4690-B3DB-16DD2AA1CAB7}.Debug|Any CPU.Build.0 = Debug|Any CPU
		{88269451-83DB-4690-B3DB-16DD2AA1CAB7}.Release|Any CPU.ActiveCfg = Release|Any CPU
		{88269451-83DB-4690-B3DB-16DD2AA1CAB7}.Release|Any CPU.Build.0 = Release|Any CPU
		{D1B392C9-4213-4642-BC18-5196D207E854}.Debug|Any CPU.ActiveCfg = Debug|Any CPU
		{D1B392C9-4213-4642-BC18-5196D207E854}.Debug|Any CPU.Build.0 = Debug|Any CPU
		{D1B392C9-4213-4642-BC18-5196D207E854}.Release|Any CPU.ActiveCfg = Release|Any CPU
		{D1B392C9-4213-4642-BC18-5196D207E854}.Release|Any CPU.Build.0 = Release|Any CPU
	EndGlobalSection
	GlobalSection(SolutionProperties) = preSolution
		HideSolutionNode = FALSE
	EndGlobalSection
	GlobalSection(ExtensibilityGlobals) = postSolution
		SolutionGuid = {251D24F3-9396-46F6-8114-6848F8C5795A}
	EndGlobalSection
EndGlobal
