
Microsoft Visual Studio Solution File, Format Version 12.00
# Visual Studio Version 16
VisualStudioVersion = 16.0.30320.27
MinimumVisualStudioVersion = 10.0.40219.1
Project("{FAE04EC0-301F-11D3-BF4B-00C04F79EFBC}") = "プロジェクト5", "プロジェクト5\プロジェクト5.csproj", "{A900C0D0-61D5-4939-BC92-CD599995C016}"
EndProject
Project("{FAE04EC0-301F-11D3-BF4B-00C04F79EFBC}") = "プロジェクト5.Services", "プロジェクト5.Services\プロジェクト5.Services.csproj", "{3EC4C4B2-A342-441F-AFA7-8AD99B8C49DD}"
EndProject
Project("{FAE04EC0-301F-11D3-BF4B-00C04F79EFBC}") = "プロジェクト5.Models", "プロジェクト5.Models\プロジェクト5.Models.csproj", "{C149BC76-C2DD-4122-BE86-B27161B2CB6F}"
EndProject
Global
	GlobalSection(SolutionConfigurationPlatforms) = preSolution
		Debug|Any CPU = Debug|Any CPU
		Release|Any CPU = Release|Any CPU
	EndGlobalSection
	GlobalSection(ProjectConfigurationPlatforms) = postSolution
		{A900C0D0-61D5-4939-BC92-CD599995C016}.Debug|Any CPU.ActiveCfg = Debug|Any CPU
		{A900C0D0-61D5-4939-BC92-CD599995C016}.Debug|Any CPU.Build.0 = Debug|Any CPU
		{A900C0D0-61D5-4939-BC92-CD599995C016}.Release|Any CPU.ActiveCfg = Release|Any CPU
		{A900C0D0-61D5-4939-BC92-CD599995C016}.Release|Any CPU.Build.0 = Release|Any CPU
		{3EC4C4B2-A342-441F-AFA7-8AD99B8C49DD}.Debug|Any CPU.ActiveCfg = Debug|Any CPU
		{3EC4C4B2-A342-441F-AFA7-8AD99B8C49DD}.Debug|Any CPU.Build.0 = Debug|Any CPU
		{3EC4C4B2-A342-441F-AFA7-8AD99B8C49DD}.Release|Any CPU.ActiveCfg = Release|Any CPU
		{3EC4C4B2-A342-441F-AFA7-8AD99B8C49DD}.Release|Any CPU.Build.0 = Release|Any CPU
		{C149BC76-C2DD-4122-BE86-B27161B2CB6F}.Debug|Any CPU.ActiveCfg = Debug|Any CPU
		{C149BC76-C2DD-4122-BE86-B27161B2CB6F}.Debug|Any CPU.Build.0 = Debug|Any CPU
		{C149BC76-C2DD-4122-BE86-B27161B2CB6F}.Release|Any CPU.ActiveCfg = Release|Any CPU
		{C149BC76-C2DD-4122-BE86-B27161B2CB6F}.Release|Any CPU.Build.0 = Release|Any CPU
	EndGlobalSection
	GlobalSection(SolutionProperties) = preSolution
		HideSolutionNode = FALSE
	EndGlobalSection
	GlobalSection(ExtensibilityGlobals) = postSolution
		SolutionGuid = {8EFFAEA4-3AA3-4FD7-83FD-00563587DBC4}
	EndGlobalSection
EndGlobal
