
Microsoft Visual Studio Solution File, Format Version 12.00
# Visual Studio Version 16
VisualStudioVersion = 16.0.30225.117
MinimumVisualStudioVersion = 10.0.40219.1
Project("{9A19103F-16F7-4668-BE54-9A1E7A4F7556}") = "プロジェクト5", "プロジェクト5\プロジェクト5.csproj", "{FA0B2D40-BC82-46B9-9B80-461AC3EDF2F5}"
EndProject
Project("{FAE04EC0-301F-11D3-BF4B-00C04F79EFBC}") = "プロジェクト5.Models", "プロジェクト5.Models\プロジェクト5.Models.csproj", "{8DF6A6E0-308B-48F0-8084-C67D04A14BD3}"
EndProject
Project("{FAE04EC0-301F-11D3-BF4B-00C04F79EFBC}") = "プロジェクト5.Services", "プロジェクト5.Services\プロジェクト5.Services.csproj", "{22E0572F-9FC4-47F7-84BE-EE9A5FB536FB}"
EndProject
Global
	GlobalSection(SolutionConfigurationPlatforms) = preSolution
		Debug|Any CPU = Debug|Any CPU
		Release|Any CPU = Release|Any CPU
	EndGlobalSection
	GlobalSection(ProjectConfigurationPlatforms) = postSolution
		{FA0B2D40-BC82-46B9-9B80-461AC3EDF2F5}.Debug|Any CPU.ActiveCfg = Debug|Any CPU
		{FA0B2D40-BC82-46B9-9B80-461AC3EDF2F5}.Debug|Any CPU.Build.0 = Debug|Any CPU
		{FA0B2D40-BC82-46B9-9B80-461AC3EDF2F5}.Release|Any CPU.ActiveCfg = Release|Any CPU
		{FA0B2D40-BC82-46B9-9B80-461AC3EDF2F5}.Release|Any CPU.Build.0 = Release|Any CPU
		{8DF6A6E0-308B-48F0-8084-C67D04A14BD3}.Debug|Any CPU.ActiveCfg = Debug|Any CPU
		{8DF6A6E0-308B-48F0-8084-C67D04A14BD3}.Debug|Any CPU.Build.0 = Debug|Any CPU
		{8DF6A6E0-308B-48F0-8084-C67D04A14BD3}.Release|Any CPU.ActiveCfg = Release|Any CPU
		{8DF6A6E0-308B-48F0-8084-C67D04A14BD3}.Release|Any CPU.Build.0 = Release|Any CPU
		{22E0572F-9FC4-47F7-84BE-EE9A5FB536FB}.Debug|Any CPU.ActiveCfg = Debug|Any CPU
		{22E0572F-9FC4-47F7-84BE-EE9A5FB536FB}.Debug|Any CPU.Build.0 = Debug|Any CPU
		{22E0572F-9FC4-47F7-84BE-EE9A5FB536FB}.Release|Any CPU.ActiveCfg = Release|Any CPU
		{22E0572F-9FC4-47F7-84BE-EE9A5FB536FB}.Release|Any CPU.Build.0 = Release|Any CPU
	EndGlobalSection
	GlobalSection(SolutionProperties) = preSolution
		HideSolutionNode = FALSE
	EndGlobalSection
	GlobalSection(ExtensibilityGlobals) = postSolution
		SolutionGuid = {56A8E220-0262-4742-A637-752CD10244B4}
	EndGlobalSection
EndGlobal
